
Microsoft Visual Studio Solution File, Format Version 12.00
# Visual Studio Version 17
VisualStudioVersion = 17.6.33723.286
MinimumVisualStudioVersion = 10.0.40219.1
Project("{FAE04EC0-301F-11D3-BF4B-00C04F79EFBC}") = "CourierManagementSystem", "CourierManagementSystem.csproj", "{E6613D65-96D3-418A-A312-2D2A29E19DF7}"
EndProject
Global
	GlobalSection(SolutionConfigurationPlatforms) = preSolution
		Debug|Any CPU = Debug|Any CPU
		Release|Any CPU = Release|Any CPU
	EndGlobalSection
	GlobalSection(ProjectConfigurationPlatforms) = postSolution
		{E6613D65-96D3-418A-A312-2D2A29E19DF7}.Debug|Any CPU.ActiveCfg = Debug|Any CPU
		{E6613D65-96D3-418A-A312-2D2A29E19DF7}.Debug|Any CPU.Build.0 = Debug|Any CPU
		{E6613D65-96D3-418A-A312-2D2A29E19DF7}.Release|Any CPU.ActiveCfg = Release|Any CPU
		{E6613D65-96D3-418A-A312-2D2A29E19DF7}.Release|Any CPU.Build.0 = Release|Any CPU
	EndGlobalSection
	GlobalSection(SolutionProperties) = preSolution
		HideSolutionNode = FALSE
	EndGlobalSection
	GlobalSection(ExtensibilityGlobals) = postSolution
		SolutionGuid = {C0219564-AD6E-4A15-B443-E2ED69BD83D6}
	EndGlobalSection
EndGlobal
